// !$*UTF8*$!
{
	archiveVersion = 1;
	classes = {
	};
	objectVersion = 50;
	objects = {

/* Begin PBXBuildFile section */
		D82C50052505900600D48C2B /* ZmqWrappers.swift in Sources */ = {isa = PBXBuildFile; fileRef = D82C50042505900600D48C2B /* ZmqWrappers.swift */; };
		D8442EF324646B1400BF262A /* ViewControllerActing.swift in Sources */ = {isa = PBXBuildFile; fileRef = D8442EF224646B1400BF262A /* ViewControllerActing.swift */; };
		D87D738424573D090089A111 /* AppDelegate.swift in Sources */ = {isa = PBXBuildFile; fileRef = D87D738324573D090089A111 /* AppDelegate.swift */; };
		D87D738624573D090089A111 /* ViewController.swift in Sources */ = {isa = PBXBuildFile; fileRef = D87D738524573D090089A111 /* ViewController.swift */; };
		D87D738824573D0B0089A111 /* Assets.xcassets in Resources */ = {isa = PBXBuildFile; fileRef = D87D738724573D0B0089A111 /* Assets.xcassets */; };
		D87D738B24573D0B0089A111 /* Main.storyboard in Resources */ = {isa = PBXBuildFile; fileRef = D87D738924573D0B0089A111 /* Main.storyboard */; };
/* End PBXBuildFile section */

/* Begin PBXFileReference section */
		D82C50042505900600D48C2B /* ZmqWrappers.swift */ = {isa = PBXFileReference; lastKnownFileType = sourcecode.swift; path = ZmqWrappers.swift; sourceTree = "<group>"; };
		D8442EF224646B1400BF262A /* ViewControllerActing.swift */ = {isa = PBXFileReference; lastKnownFileType = sourcecode.swift; path = ViewControllerActing.swift; sourceTree = "<group>"; };
		D844E78F24963C5D00C7210F /* dependencies.sh */ = {isa = PBXFileReference; lastKnownFileType = text.script.sh; path = dependencies.sh; sourceTree = "<group>"; };
		D844E79124963F8400C7210F /* .gitkeep */ = {isa = PBXFileReference; lastKnownFileType = text; path = .gitkeep; sourceTree = "<group>"; };
		D87D738024573D090089A111 /* Linkollector.app */ = {isa = PBXFileReference; explicitFileType = wrapper.application; includeInIndex = 0; path = Linkollector.app; sourceTree = BUILT_PRODUCTS_DIR; };
		D87D738324573D090089A111 /* AppDelegate.swift */ = {isa = PBXFileReference; lastKnownFileType = sourcecode.swift; path = AppDelegate.swift; sourceTree = "<group>"; };
		D87D738524573D090089A111 /* ViewController.swift */ = {isa = PBXFileReference; lastKnownFileType = sourcecode.swift; path = ViewController.swift; sourceTree = "<group>"; };
		D87D738724573D0B0089A111 /* Assets.xcassets */ = {isa = PBXFileReference; lastKnownFileType = folder.assetcatalog; path = Assets.xcassets; sourceTree = "<group>"; };
		D87D738A24573D0B0089A111 /* Base */ = {isa = PBXFileReference; lastKnownFileType = file.storyboard; name = Base; path = Base.lproj/Main.storyboard; sourceTree = "<group>"; };
		D87D738C24573D0B0089A111 /* Info.plist */ = {isa = PBXFileReference; lastKnownFileType = text.plist.xml; path = Info.plist; sourceTree = "<group>"; };
		D87D738D24573D0B0089A111 /* linkollector_mac.entitlements */ = {isa = PBXFileReference; lastKnownFileType = text.plist.entitlements; path = linkollector_mac.entitlements; sourceTree = "<group>"; };
		D8CCADA6249659AD00153FEF /* Linkollector-Bridging-Header.h */ = {isa = PBXFileReference; lastKnownFileType = sourcecode.c.h; path = "Linkollector-Bridging-Header.h"; sourceTree = "<group>"; };
/* End PBXFileReference section */

/* Begin PBXFrameworksBuildPhase section */
		D87D737D24573D090089A111 /* Frameworks */ = {
			isa = PBXFrameworksBuildPhase;
			buildActionMask = 2147483647;
			files = (
			);
			runOnlyForDeploymentPostprocessing = 0;
		};
/* End PBXFrameworksBuildPhase section */

/* Begin PBXGroup section */
		D844E79024963F6100C7210F /* extern */ = {
			isa = PBXGroup;
			children = (
				D844E79124963F8400C7210F /* .gitkeep */,
			);
			path = extern;
			sourceTree = "<group>";
		};
		D844E79324964DB000C7210F /* Frameworks */ = {
			isa = PBXGroup;
			children = (
			);
			name = Frameworks;
			sourceTree = "<group>";
		};
		D87D737724573D090089A111 = {
			isa = PBXGroup;
			children = (
				D844E79024963F6100C7210F /* extern */,
				D87D738224573D090089A111 /* linkollector-mac */,
				D87D738124573D090089A111 /* Products */,
				D844E79324964DB000C7210F /* Frameworks */,
			);
			sourceTree = "<group>";
		};
		D87D738124573D090089A111 /* Products */ = {
			isa = PBXGroup;
			children = (
				D87D738024573D090089A111 /* Linkollector.app */,
			);
			name = Products;
			sourceTree = "<group>";
		};
		D87D738224573D090089A111 /* linkollector-mac */ = {
			isa = PBXGroup;
			children = (
				D87D738324573D090089A111 /* AppDelegate.swift */,
				D87D738524573D090089A111 /* ViewController.swift */,
				D8442EF224646B1400BF262A /* ViewControllerActing.swift */,
				D87D738724573D0B0089A111 /* Assets.xcassets */,
				D87D738924573D0B0089A111 /* Main.storyboard */,
				D87D738C24573D0B0089A111 /* Info.plist */,
				D87D738D24573D0B0089A111 /* linkollector_mac.entitlements */,
				D844E78F24963C5D00C7210F /* dependencies.sh */,
				D8CCADA6249659AD00153FEF /* Linkollector-Bridging-Header.h */,
				D82C50042505900600D48C2B /* ZmqWrappers.swift */,
			);
			path = "linkollector-mac";
			sourceTree = "<group>";
		};
/* End PBXGroup section */

/* Begin PBXNativeTarget section */
		D87D737F24573D090089A111 /* Linkollector */ = {
			isa = PBXNativeTarget;
			buildConfigurationList = D87D739024573D0B0089A111 /* Build configuration list for PBXNativeTarget "Linkollector" */;
			buildPhases = (
				D844E78E24963C1E00C7210F /* ShellScript */,
				D87D737C24573D090089A111 /* Sources */,
				D87D737D24573D090089A111 /* Frameworks */,
				D87D737E24573D090089A111 /* Resources */,
			);
			buildRules = (
			);
			dependencies = (
			);
			name = Linkollector;
			productName = "linkollector-mac";
			productReference = D87D738024573D090089A111 /* Linkollector.app */;
			productType = "com.apple.product-type.application";
		};
/* End PBXNativeTarget section */

/* Begin PBXProject section */
		D87D737824573D090089A111 /* Project object */ = {
			isa = PBXProject;
			attributes = {
				LastSwiftUpdateCheck = 1140;
				LastUpgradeCheck = 1140;
				ORGANIZATIONNAME = "Andreas Schulz";
				TargetAttributes = {
					D87D737F24573D090089A111 = {
						CreatedOnToolsVersion = 11.4.1;
						LastSwiftMigration = 1150;
					};
				};
			};
			buildConfigurationList = D87D737B24573D090089A111 /* Build configuration list for PBXProject "linkollector-mac" */;
			compatibilityVersion = "Xcode 9.3";
			developmentRegion = en;
			hasScannedForEncodings = 0;
			knownRegions = (
				en,
				Base,
			);
			mainGroup = D87D737724573D090089A111;
			productRefGroup = D87D738124573D090089A111 /* Products */;
			projectDirPath = "";
			projectRoot = "";
			targets = (
				D87D737F24573D090089A111 /* Linkollector */,
			);
		};
/* End PBXProject section */

/* Begin PBXResourcesBuildPhase section */
		D87D737E24573D090089A111 /* Resources */ = {
			isa = PBXResourcesBuildPhase;
			buildActionMask = 2147483647;
			files = (
				D87D738824573D0B0089A111 /* Assets.xcassets in Resources */,
				D87D738B24573D0B0089A111 /* Main.storyboard in Resources */,
			);
			runOnlyForDeploymentPostprocessing = 0;
		};
/* End PBXResourcesBuildPhase section */

/* Begin PBXShellScriptBuildPhase section */
		D844E78E24963C1E00C7210F /* ShellScript */ = {
			isa = PBXShellScriptBuildPhase;
			buildActionMask = 2147483647;
			files = (
			);
			inputFileListPaths = (
			);
			inputPaths = (
			);
			outputFileListPaths = (
			);
			outputPaths = (
				"",
			);
			runOnlyForDeploymentPostprocessing = 0;
			shellPath = /bin/sh;
			shellScript = "/usr/bin/env zsh $SRCROOT/linkollector-mac/dependencies.sh\n";
		};
/* End PBXShellScriptBuildPhase section */

/* Begin PBXSourcesBuildPhase section */
		D87D737C24573D090089A111 /* Sources */ = {
			isa = PBXSourcesBuildPhase;
			buildActionMask = 2147483647;
			files = (
				D82C50052505900600D48C2B /* ZmqWrappers.swift in Sources */,
				D87D738624573D090089A111 /* ViewController.swift in Sources */,
				D87D738424573D090089A111 /* AppDelegate.swift in Sources */,
				D8442EF324646B1400BF262A /* ViewControllerActing.swift in Sources */,
			);
			runOnlyForDeploymentPostprocessing = 0;
		};
/* End PBXSourcesBuildPhase section */

/* Begin PBXVariantGroup section */
		D87D738924573D0B0089A111 /* Main.storyboard */ = {
			isa = PBXVariantGroup;
			children = (
				D87D738A24573D0B0089A111 /* Base */,
			);
			name = Main.storyboard;
			sourceTree = "<group>";
		};
/* End PBXVariantGroup section */

/* Begin XCBuildConfiguration section */
		D87D738E24573D0B0089A111 /* Debug */ = {
			isa = XCBuildConfiguration;
			buildSettings = {
				ALWAYS_SEARCH_USER_PATHS = NO;
				CLANG_ANALYZER_NONNULL = YES;
				CLANG_ANALYZER_NUMBER_OBJECT_CONVERSION = YES_AGGRESSIVE;
				CLANG_CXX_LANGUAGE_STANDARD = "gnu++14";
				CLANG_CXX_LIBRARY = "libc++";
				CLANG_ENABLE_MODULES = YES;
				CLANG_ENABLE_OBJC_ARC = YES;
				CLANG_ENABLE_OBJC_WEAK = YES;
				CLANG_WARN_BLOCK_CAPTURE_AUTORELEASING = YES;
				CLANG_WARN_BOOL_CONVERSION = YES;
				CLANG_WARN_COMMA = YES;
				CLANG_WARN_CONSTANT_CONVERSION = YES;
				CLANG_WARN_DEPRECATED_OBJC_IMPLEMENTATIONS = YES;
				CLANG_WARN_DIRECT_OBJC_ISA_USAGE = YES_ERROR;
				CLANG_WARN_DOCUMENTATION_COMMENTS = YES;
				CLANG_WARN_EMPTY_BODY = YES;
				CLANG_WARN_ENUM_CONVERSION = YES;
				CLANG_WARN_INFINITE_RECURSION = YES;
				CLANG_WARN_INT_CONVERSION = YES;
				CLANG_WARN_NON_LITERAL_NULL_CONVERSION = YES;
				CLANG_WARN_OBJC_IMPLICIT_RETAIN_SELF = YES;
				CLANG_WARN_OBJC_LITERAL_CONVERSION = YES;
				CLANG_WARN_OBJC_ROOT_CLASS = YES_ERROR;
				CLANG_WARN_RANGE_LOOP_ANALYSIS = YES;
				CLANG_WARN_STRICT_PROTOTYPES = YES;
				CLANG_WARN_SUSPICIOUS_MOVE = YES;
				CLANG_WARN_UNGUARDED_AVAILABILITY = YES_AGGRESSIVE;
				CLANG_WARN_UNREACHABLE_CODE = YES;
				CLANG_WARN__DUPLICATE_METHOD_MATCH = YES;
				COPY_PHASE_STRIP = NO;
				DEBUG_INFORMATION_FORMAT = dwarf;
				ENABLE_STRICT_OBJC_MSGSEND = YES;
				ENABLE_TESTABILITY = YES;
				GCC_C_LANGUAGE_STANDARD = gnu11;
				GCC_DYNAMIC_NO_PIC = NO;
				GCC_NO_COMMON_BLOCKS = YES;
				GCC_OPTIMIZATION_LEVEL = 0;
				GCC_PREPROCESSOR_DEFINITIONS = (
					"DEBUG=1",
					"$(inherited)",
				);
				GCC_WARN_64_TO_32_BIT_CONVERSION = YES;
				GCC_WARN_ABOUT_RETURN_TYPE = YES_ERROR;
				GCC_WARN_UNDECLARED_SELECTOR = YES;
				GCC_WARN_UNINITIALIZED_AUTOS = YES_AGGRESSIVE;
				GCC_WARN_UNUSED_FUNCTION = YES;
				GCC_WARN_UNUSED_VARIABLE = YES;
				MACOSX_DEPLOYMENT_TARGET = 10.15;
				MTL_ENABLE_DEBUG_INFO = INCLUDE_SOURCE;
				MTL_FAST_MATH = YES;
				ONLY_ACTIVE_ARCH = YES;
				SDKROOT = macosx;
				SWIFT_ACTIVE_COMPILATION_CONDITIONS = DEBUG;
				SWIFT_OPTIMIZATION_LEVEL = "-Onone";
			};
			name = Debug;
		};
		D87D738F24573D0B0089A111 /* Release */ = {
			isa = XCBuildConfiguration;
			buildSettings = {
				ALWAYS_SEARCH_USER_PATHS = NO;
				CLANG_ANALYZER_NONNULL = YES;
				CLANG_ANALYZER_NUMBER_OBJECT_CONVERSION = YES_AGGRESSIVE;
				CLANG_CXX_LANGUAGE_STANDARD = "gnu++14";
				CLANG_CXX_LIBRARY = "libc++";
				CLANG_ENABLE_MODULES = YES;
				CLANG_ENABLE_OBJC_ARC = YES;
				CLANG_ENABLE_OBJC_WEAK = YES;
				CLANG_WARN_BLOCK_CAPTURE_AUTORELEASING = YES;
				CLANG_WARN_BOOL_CONVERSION = YES;
				CLANG_WARN_COMMA = YES;
				CLANG_WARN_CONSTANT_CONVERSION = YES;
				CLANG_WARN_DEPRECATED_OBJC_IMPLEMENTATIONS = YES;
				CLANG_WARN_DIRECT_OBJC_ISA_USAGE = YES_ERROR;
				CLANG_WARN_DOCUMENTATION_COMMENTS = YES;
				CLANG_WARN_EMPTY_BODY = YES;
				CLANG_WARN_ENUM_CONVERSION = YES;
				CLANG_WARN_INFINITE_RECURSION = YES;
				CLANG_WARN_INT_CONVERSION = YES;
				CLANG_WARN_NON_LITERAL_NULL_CONVERSION = YES;
				CLANG_WARN_OBJC_IMPLICIT_RETAIN_SELF = YES;
				CLANG_WARN_OBJC_LITERAL_CONVERSION = YES;
				CLANG_WARN_OBJC_ROOT_CLASS = YES_ERROR;
				CLANG_WARN_RANGE_LOOP_ANALYSIS = YES;
				CLANG_WARN_STRICT_PROTOTYPES = YES;
				CLANG_WARN_SUSPICIOUS_MOVE = YES;
				CLANG_WARN_UNGUARDED_AVAILABILITY = YES_AGGRESSIVE;
				CLANG_WARN_UNREACHABLE_CODE = YES;
				CLANG_WARN__DUPLICATE_METHOD_MATCH = YES;
				COPY_PHASE_STRIP = NO;
				DEBUG_INFORMATION_FORMAT = "dwarf-with-dsym";
				ENABLE_NS_ASSERTIONS = NO;
				ENABLE_STRICT_OBJC_MSGSEND = YES;
				GCC_C_LANGUAGE_STANDARD = gnu11;
				GCC_NO_COMMON_BLOCKS = YES;
				GCC_WARN_64_TO_32_BIT_CONVERSION = YES;
				GCC_WARN_ABOUT_RETURN_TYPE = YES_ERROR;
				GCC_WARN_UNDECLARED_SELECTOR = YES;
				GCC_WARN_UNINITIALIZED_AUTOS = YES_AGGRESSIVE;
				GCC_WARN_UNUSED_FUNCTION = YES;
				GCC_WARN_UNUSED_VARIABLE = YES;
				MACOSX_DEPLOYMENT_TARGET = 10.15;
				MTL_ENABLE_DEBUG_INFO = NO;
				MTL_FAST_MATH = YES;
				SDKROOT = macosx;
				SWIFT_COMPILATION_MODE = wholemodule;
				SWIFT_OPTIMIZATION_LEVEL = "-O";
			};
			name = Release;
		};
		D87D739124573D0B0089A111 /* Debug */ = {
			isa = XCBuildConfiguration;
			buildSettings = {
				ASSETCATALOG_COMPILER_APPICON_NAME = AppIcon;
				CLANG_CXX_LANGUAGE_STANDARD = "c++17";
				CLANG_ENABLE_MODULES = YES;
				CODE_SIGN_ENTITLEMENTS = "linkollector-mac/linkollector_mac.entitlements";
				CODE_SIGN_STYLE = Automatic;
				COMBINE_HIDPI_IMAGES = YES;
				DEVELOPMENT_TEAM = VU4Q278X2D;
				ENABLE_HARDENED_RUNTIME = YES;
				GCC_C_LANGUAGE_STANDARD = c11;
				HEADER_SEARCH_PATHS = $SRCROOT/extern/libzmq/include;
				INFOPLIST_FILE = "linkollector-mac/Info.plist";
				LD_RUNPATH_SEARCH_PATHS = (
					"$(inherited)",
					"@executable_path/../Frameworks",
				);
				LIBRARY_SEARCH_PATHS = "$CONFIGURATION_BUILD_DIR/build-libzmq/lib";
				OTHER_LDFLAGS = (
					"-lzmq",
					"-lc++",
				);
				PRODUCT_BUNDLE_IDENTIFIER = "de.aschulz.linkollector-mac";
				PRODUCT_NAME = "$(TARGET_NAME)";
				SWIFT_OBJC_BRIDGING_HEADER = "linkollector-mac/Linkollector-Bridging-Header.h";
				SWIFT_OPTIMIZATION_LEVEL = "-Onone";
				SWIFT_VERSION = 5.0;
			};
			name = Debug;
		};
		D87D739224573D0B0089A111 /* Release */ = {
			isa = XCBuildConfiguration;
			buildSettings = {
				ASSETCATALOG_COMPILER_APPICON_NAME = AppIcon;
				CLANG_CXX_LANGUAGE_STANDARD = "c++17";
				CLANG_ENABLE_MODULES = YES;
				CODE_SIGN_ENTITLEMENTS = "linkollector-mac/linkollector_mac.entitlements";
				CODE_SIGN_STYLE = Automatic;
				COMBINE_HIDPI_IMAGES = YES;
				DEVELOPMENT_TEAM = VU4Q278X2D;
				ENABLE_HARDENED_RUNTIME = YES;
				GCC_C_LANGUAGE_STANDARD = c11;
				HEADER_SEARCH_PATHS = $SRCROOT/extern/libzmq/include;
				INFOPLIST_FILE = "linkollector-mac/Info.plist";
				LD_RUNPATH_SEARCH_PATHS = (
					"$(inherited)",
					"@executable_path/../Frameworks",
				);
				LIBRARY_SEARCH_PATHS = "$CONFIGURATION_BUILD_DIR/build-libzmq/lib";
				OTHER_LDFLAGS = (
					"-lzmq",
					"-lc++",
				);
				PRODUCT_BUNDLE_IDENTIFIER = "de.aschulz.linkollector-mac";
				PRODUCT_NAME = "$(TARGET_NAME)";
				SWIFT_OBJC_BRIDGING_HEADER = "linkollector-mac/Linkollector-Bridging-Header.h";
				SWIFT_VERSION = 5.0;
			};
			name = Release;
		};
/* End XCBuildConfiguration section */

/* Begin XCConfigurationList section */
		D87D737B24573D090089A111 /* Build configuration list for PBXProject "linkollector-mac" */ = {
			isa = XCConfigurationList;
			buildConfigurations = (
				D87D738E24573D0B0089A111 /* Debug */,
				D87D738F24573D0B0089A111 /* Release */,
			);
			defaultConfigurationIsVisible = 0;
			defaultConfigurationName = Release;
		};
		D87D739024573D0B0089A111 /* Build configuration list for PBXNativeTarget "Linkollector" */ = {
			isa = XCConfigurationList;
			buildConfigurations = (
				D87D739124573D0B0089A111 /* Debug */,
				D87D739224573D0B0089A111 /* Release */,
			);
			defaultConfigurationIsVisible = 0;
			defaultConfigurationName = Release;
		};
/* End XCConfigurationList section */
	};
	rootObject = D87D737824573D090089A111 /* Project object */;
}
